// !$*UTF8*$!
{
	archiveVersion = 1;
	classes = {
	};
	objectVersion = 50;
	objects = {

/* Begin PBXBuildFile section */
		648C09A621EC5B8500557BEB /* AppDelegate.m in Sources */ = {isa = PBXBuildFile; fileRef = 648C09A521EC5B8500557BEB /* AppDelegate.m */; };
		648C09A921EC5B8500557BEB /* ViewController.m in Sources */ = {isa = PBXBuildFile; fileRef = 648C09A821EC5B8500557BEB /* ViewController.m */; };
		648C09AC21EC5B8500557BEB /* Main.storyboard in Resources */ = {isa = PBXBuildFile; fileRef = 648C09AA21EC5B8500557BEB /* Main.storyboard */; };
		648C09AE21EC5B8700557BEB /* Assets.xcassets in Resources */ = {isa = PBXBuildFile; fileRef = 648C09AD21EC5B8700557BEB /* Assets.xcassets */; };
		648C09B121EC5B8700557BEB /* LaunchScreen.storyboard in Resources */ = {isa = PBXBuildFile; fileRef = 648C09AF21EC5B8700557BEB /* LaunchScreen.storyboard */; };
		648C09B421EC5B8700557BEB /* main.m in Sources */ = {isa = PBXBuildFile; fileRef = 648C09B321EC5B8700557BEB /* main.m */; };
		648C09BE21EC5B8700557BEB /* ScreenProductTests.m in Sources */ = {isa = PBXBuildFile; fileRef = 648C09BD21EC5B8700557BEB /* ScreenProductTests.m */; };
		648C09C921EC5B8700557BEB /* ScreenProductUITests.m in Sources */ = {isa = PBXBuildFile; fileRef = 648C09C821EC5B8700557BEB /* ScreenProductUITests.m */; };
		648C09E421EC5BA100557BEB /* ScreeningListModel.m in Sources */ = {isa = PBXBuildFile; fileRef = 648C09D921EC5BA100557BEB /* ScreeningListModel.m */; };
		648C09E521EC5BA100557BEB /* TagButton.m in Sources */ = {isa = PBXBuildFile; fileRef = 648C09DB21EC5BA100557BEB /* TagButton.m */; };
		648C09E621EC5BA100557BEB /* HeadCollectionReusableView.m in Sources */ = {isa = PBXBuildFile; fileRef = 648C09DE21EC5BA100557BEB /* HeadCollectionReusableView.m */; };
		648C09E721EC5BA100557BEB /* SCCollectionButtonsView.m in Sources */ = {isa = PBXBuildFile; fileRef = 648C09DF21EC5BA100557BEB /* SCCollectionButtonsView.m */; };
		648C09E821EC5BA100557BEB /* ButtonsCollectionViewCell.m in Sources */ = {isa = PBXBuildFile; fileRef = 648C09E121EC5BA100557BEB /* ButtonsCollectionViewCell.m */; };
		648C09E921EC5BA100557BEB /* ScreeningProductView.m in Sources */ = {isa = PBXBuildFile; fileRef = 648C09E321EC5BA100557BEB /* ScreeningProductView.m */; };
		648C09F121EC5C9A00557BEB /* HandleTreeTagsModel.m in Sources */ = {isa = PBXBuildFile; fileRef = 648C09EF21EC5C9A00557BEB /* HandleTreeTagsModel.m */; };
		648C09F421EC5CDF00557BEB /* TreeTagListModel.m in Sources */ = {isa = PBXBuildFile; fileRef = 648C09F221EC5CDF00557BEB /* TreeTagListModel.m */; };
		648C09F721EC650600557BEB /* json.txt in Resources */ = {isa = PBXBuildFile; fileRef = 648C09F621EC650600557BEB /* json.txt */; };
		D51F1AD95B86C8C2C44056D4 /* libPods-ScreenProduct.a in Frameworks */ = {isa = PBXBuildFile; fileRef = 311FAC521BD262295A9BE9FF /* libPods-ScreenProduct.a */; };
/* End PBXBuildFile section */

/* Begin PBXContainerItemProxy section */
		648C09BA21EC5B8700557BEB /* PBXContainerItemProxy */ = {
			isa = PBXContainerItemProxy;
			containerPortal = 648C099921EC5B8500557BEB /* Project object */;
			proxyType = 1;
			remoteGlobalIDString = 648C09A021EC5B8500557BEB;
			remoteInfo = ScreenProduct;
		};
		648C09C521EC5B8700557BEB /* PBXContainerItemProxy */ = {
			isa = PBXContainerItemProxy;
			containerPortal = 648C099921EC5B8500557BEB /* Project object */;
			proxyType = 1;
			remoteGlobalIDString = 648C09A021EC5B8500557BEB;
			remoteInfo = ScreenProduct;
		};
/* End PBXContainerItemProxy section */

/* Begin PBXFileReference section */
		311FAC521BD262295A9BE9FF /* libPods-ScreenProduct.a */ = {isa = PBXFileReference; explicitFileType = archive.ar; includeInIndex = 0; path = "libPods-ScreenProduct.a"; sourceTree = BUILT_PRODUCTS_DIR; };
		648C09A121EC5B8500557BEB /* ScreenProduct.app */ = {isa = PBXFileReference; explicitFileType = wrapper.application; includeInIndex = 0; path = ScreenProduct.app; sourceTree = BUILT_PRODUCTS_DIR; };
		648C09A421EC5B8500557BEB /* AppDelegate.h */ = {isa = PBXFileReference; lastKnownFileType = sourcecode.c.h; path = AppDelegate.h; sourceTree = "<group>"; };
		648C09A521EC5B8500557BEB /* AppDelegate.m */ = {isa = PBXFileReference; lastKnownFileType = sourcecode.c.objc; path = AppDelegate.m; sourceTree = "<group>"; };
		648C09A721EC5B8500557BEB /* ViewController.h */ = {isa = PBXFileReference; lastKnownFileType = sourcecode.c.h; path = ViewController.h; sourceTree = "<group>"; };
		648C09A821EC5B8500557BEB /* ViewController.m */ = {isa = PBXFileReference; lastKnownFileType = sourcecode.c.objc; path = ViewController.m; sourceTree = "<group>"; };
		648C09AB21EC5B8500557BEB /* Base */ = {isa = PBXFileReference; lastKnownFileType = file.storyboard; name = Base; path = Base.lproj/Main.storyboard; sourceTree = "<group>"; };
		648C09AD21EC5B8700557BEB /* Assets.xcassets */ = {isa = PBXFileReference; lastKnownFileType = folder.assetcatalog; path = Assets.xcassets; sourceTree = "<group>"; };
		648C09B021EC5B8700557BEB /* Base */ = {isa = PBXFileReference; lastKnownFileType = file.storyboard; name = Base; path = Base.lproj/LaunchScreen.storyboard; sourceTree = "<group>"; };
		648C09B221EC5B8700557BEB /* Info.plist */ = {isa = PBXFileReference; lastKnownFileType = text.plist.xml; path = Info.plist; sourceTree = "<group>"; };
		648C09B321EC5B8700557BEB /* main.m */ = {isa = PBXFileReference; lastKnownFileType = sourcecode.c.objc; path = main.m; sourceTree = "<group>"; };
		648C09B921EC5B8700557BEB /* ScreenProductTests.xctest */ = {isa = PBXFileReference; explicitFileType = wrapper.cfbundle; includeInIndex = 0; path = ScreenProductTests.xctest; sourceTree = BUILT_PRODUCTS_DIR; };
		648C09BD21EC5B8700557BEB /* ScreenProductTests.m */ = {isa = PBXFileReference; lastKnownFileType = sourcecode.c.objc; path = ScreenProductTests.m; sourceTree = "<group>"; };
		648C09BF21EC5B8700557BEB /* Info.plist */ = {isa = PBXFileReference; lastKnownFileType = text.plist.xml; path = Info.plist; sourceTree = "<group>"; };
		648C09C421EC5B8700557BEB /* ScreenProductUITests.xctest */ = {isa = PBXFileReference; explicitFileType = wrapper.cfbundle; includeInIndex = 0; path = ScreenProductUITests.xctest; sourceTree = BUILT_PRODUCTS_DIR; };
		648C09C821EC5B8700557BEB /* ScreenProductUITests.m */ = {isa = PBXFileReference; lastKnownFileType = sourcecode.c.objc; path = ScreenProductUITests.m; sourceTree = "<group>"; };
		648C09CA21EC5B8700557BEB /* Info.plist */ = {isa = PBXFileReference; lastKnownFileType = text.plist.xml; path = Info.plist; sourceTree = "<group>"; };
		648C09D721EC5BA100557BEB /* ScreeningListModel.h */ = {isa = PBXFileReference; fileEncoding = 4; lastKnownFileType = sourcecode.c.h; path = ScreeningListModel.h; sourceTree = "<group>"; };
		648C09D821EC5BA100557BEB /* ScreeningProductView.h */ = {isa = PBXFileReference; fileEncoding = 4; lastKnownFileType = sourcecode.c.h; path = ScreeningProductView.h; sourceTree = "<group>"; };
		648C09D921EC5BA100557BEB /* ScreeningListModel.m */ = {isa = PBXFileReference; fileEncoding = 4; lastKnownFileType = sourcecode.c.objc; path = ScreeningListModel.m; sourceTree = "<group>"; };
		648C09DB21EC5BA100557BEB /* TagButton.m */ = {isa = PBXFileReference; fileEncoding = 4; lastKnownFileType = sourcecode.c.objc; path = TagButton.m; sourceTree = "<group>"; };
		648C09DC21EC5BA100557BEB /* SCCollectionButtonsView.h */ = {isa = PBXFileReference; fileEncoding = 4; lastKnownFileType = sourcecode.c.h; path = SCCollectionButtonsView.h; sourceTree = "<group>"; };
		648C09DD21EC5BA100557BEB /* ButtonsCollectionViewCell.h */ = {isa = PBXFileReference; fileEncoding = 4; lastKnownFileType = sourcecode.c.h; path = ButtonsCollectionViewCell.h; sourceTree = "<group>"; };
		648C09DE21EC5BA100557BEB /* HeadCollectionReusableView.m */ = {isa = PBXFileReference; fileEncoding = 4; lastKnownFileType = sourcecode.c.objc; path = HeadCollectionReusableView.m; sourceTree = "<group>"; };
		648C09DF21EC5BA100557BEB /* SCCollectionButtonsView.m */ = {isa = PBXFileReference; fileEncoding = 4; lastKnownFileType = sourcecode.c.objc; path = SCCollectionButtonsView.m; sourceTree = "<group>"; };
		648C09E021EC5BA100557BEB /* TagButton.h */ = {isa = PBXFileReference; fileEncoding = 4; lastKnownFileType = sourcecode.c.h; path = TagButton.h; sourceTree = "<group>"; };
		648C09E121EC5BA100557BEB /* ButtonsCollectionViewCell.m */ = {isa = PBXFileReference; fileEncoding = 4; lastKnownFileType = sourcecode.c.objc; path = ButtonsCollectionViewCell.m; sourceTree = "<group>"; };
		648C09E221EC5BA100557BEB /* HeadCollectionReusableView.h */ = {isa = PBXFileReference; fileEncoding = 4; lastKnownFileType = sourcecode.c.h; path = HeadCollectionReusableView.h; sourceTree = "<group>"; };
		648C09E321EC5BA100557BEB /* ScreeningProductView.m */ = {isa = PBXFileReference; fileEncoding = 4; lastKnownFileType = sourcecode.c.objc; path = ScreeningProductView.m; sourceTree = "<group>"; };
		648C09EE21EC5C9A00557BEB /* HandleTreeTagsModel.h */ = {isa = PBXFileReference; fileEncoding = 4; lastKnownFileType = sourcecode.c.h; path = HandleTreeTagsModel.h; sourceTree = "<group>"; };
		648C09EF21EC5C9A00557BEB /* HandleTreeTagsModel.m */ = {isa = PBXFileReference; fileEncoding = 4; lastKnownFileType = sourcecode.c.objc; path = HandleTreeTagsModel.m; sourceTree = "<group>"; };
		648C09F221EC5CDF00557BEB /* TreeTagListModel.m */ = {isa = PBXFileReference; fileEncoding = 4; lastKnownFileType = sourcecode.c.objc; path = TreeTagListModel.m; sourceTree = "<group>"; };
		648C09F321EC5CDF00557BEB /* TreeTagListModel.h */ = {isa = PBXFileReference; fileEncoding = 4; lastKnownFileType = sourcecode.c.h; path = TreeTagListModel.h; sourceTree = "<group>"; };
		648C09F521EC601E00557BEB /* Macro.h */ = {isa = PBXFileReference; lastKnownFileType = sourcecode.c.h; path = Macro.h; sourceTree = "<group>"; };
		648C09F621EC650600557BEB /* json.txt */ = {isa = PBXFileReference; lastKnownFileType = text; path = json.txt; sourceTree = "<group>"; };
		A6FA219A466CD8A347AB2CEC /* Pods-ScreenProduct.debug.xcconfig */ = {isa = PBXFileReference; includeInIndex = 1; lastKnownFileType = text.xcconfig; name = "Pods-ScreenProduct.debug.xcconfig"; path = "Pods/Target Support Files/Pods-ScreenProduct/Pods-ScreenProduct.debug.xcconfig"; sourceTree = "<group>"; };
		E51B06AD69F527598B3B878B /* Pods-ScreenProduct.release.xcconfig */ = {isa = PBXFileReference; includeInIndex = 1; lastKnownFileType = text.xcconfig; name = "Pods-ScreenProduct.release.xcconfig"; path = "Pods/Target Support Files/Pods-ScreenProduct/Pods-ScreenProduct.release.xcconfig"; sourceTree = "<group>"; };
/* End PBXFileReference section */

/* Begin PBXFrameworksBuildPhase section */
		648C099E21EC5B8500557BEB /* Frameworks */ = {
			isa = PBXFrameworksBuildPhase;
			buildActionMask = 2147483647;
			files = (
				D51F1AD95B86C8C2C44056D4 /* libPods-ScreenProduct.a in Frameworks */,
			);
			runOnlyForDeploymentPostprocessing = 0;
		};
		648C09B621EC5B8700557BEB /* Frameworks */ = {
			isa = PBXFrameworksBuildPhase;
			buildActionMask = 2147483647;
			files = (
			);
			runOnlyForDeploymentPostprocessing = 0;
		};
		648C09C121EC5B8700557BEB /* Frameworks */ = {
			isa = PBXFrameworksBuildPhase;
			buildActionMask = 2147483647;
			files = (
			);
			runOnlyForDeploymentPostprocessing = 0;
		};
/* End PBXFrameworksBuildPhase section */

/* Begin PBXGroup section */
		50CB34838430D9B037C77D20 /* Pods */ = {
			isa = PBXGroup;
			children = (
				A6FA219A466CD8A347AB2CEC /* Pods-ScreenProduct.debug.xcconfig */,
				E51B06AD69F527598B3B878B /* Pods-ScreenProduct.release.xcconfig */,
			);
			name = Pods;
			sourceTree = "<group>";
		};
		5CF797F902EAEB669307CC8A /* Frameworks */ = {
			isa = PBXGroup;
			children = (
				311FAC521BD262295A9BE9FF /* libPods-ScreenProduct.a */,
			);
			name = Frameworks;
			sourceTree = "<group>";
		};
		648C099821EC5B8500557BEB = {
			isa = PBXGroup;
			children = (
				648C09A321EC5B8500557BEB /* ScreenProduct */,
				648C09BC21EC5B8700557BEB /* ScreenProductTests */,
				648C09C721EC5B8700557BEB /* ScreenProductUITests */,
				648C09A221EC5B8500557BEB /* Products */,
				50CB34838430D9B037C77D20 /* Pods */,
				5CF797F902EAEB669307CC8A /* Frameworks */,
			);
			sourceTree = "<group>";
		};
		648C09A221EC5B8500557BEB /* Products */ = {
			isa = PBXGroup;
			children = (
				648C09A121EC5B8500557BEB /* ScreenProduct.app */,
				648C09B921EC5B8700557BEB /* ScreenProductTests.xctest */,
				648C09C421EC5B8700557BEB /* ScreenProductUITests.xctest */,
			);
			name = Products;
			sourceTree = "<group>";
		};
		648C09A321EC5B8500557BEB /* ScreenProduct */ = {
			isa = PBXGroup;
			children = (
				648C09EA21EC5C7600557BEB /* Model */,
				648C09D621EC5BA100557BEB /* ScreenProduct */,
				648C09A421EC5B8500557BEB /* AppDelegate.h */,
				648C09A521EC5B8500557BEB /* AppDelegate.m */,
				648C09A721EC5B8500557BEB /* ViewController.h */,
				648C09A821EC5B8500557BEB /* ViewController.m */,
				648C09AA21EC5B8500557BEB /* Main.storyboard */,
				648C09AD21EC5B8700557BEB /* Assets.xcassets */,
				648C09AF21EC5B8700557BEB /* LaunchScreen.storyboard */,
				648C09B221EC5B8700557BEB /* Info.plist */,
				648C09B321EC5B8700557BEB /* main.m */,
				648C09F521EC601E00557BEB /* Macro.h */,
				648C09F621EC650600557BEB /* json.txt */,
			);
			path = ScreenProduct;
			sourceTree = "<group>";
		};
		648C09BC21EC5B8700557BEB /* ScreenProductTests */ = {
			isa = PBXGroup;
			children = (
				648C09BD21EC5B8700557BEB /* ScreenProductTests.m */,
				648C09BF21EC5B8700557BEB /* Info.plist */,
			);
			path = ScreenProductTests;
			sourceTree = "<group>";
		};
		648C09C721EC5B8700557BEB /* ScreenProductUITests */ = {
			isa = PBXGroup;
			children = (
				648C09C821EC5B8700557BEB /* ScreenProductUITests.m */,
				648C09CA21EC5B8700557BEB /* Info.plist */,
			);
			path = ScreenProductUITests;
			sourceTree = "<group>";
		};
		648C09D621EC5BA100557BEB /* ScreenProduct */ = {
			isa = PBXGroup;
			children = (
				648C09D721EC5BA100557BEB /* ScreeningListModel.h */,
				648C09D921EC5BA100557BEB /* ScreeningListModel.m */,
				648C09D821EC5BA100557BEB /* ScreeningProductView.h */,
				648C09E321EC5BA100557BEB /* ScreeningProductView.m */,
				648C09DA21EC5BA100557BEB /* TagsCollection */,
			);
			path = ScreenProduct;
			sourceTree = "<group>";
		};
		648C09DA21EC5BA100557BEB /* TagsCollection */ = {
			isa = PBXGroup;
			children = (
				648C09E021EC5BA100557BEB /* TagButton.h */,
				648C09DB21EC5BA100557BEB /* TagButton.m */,
				648C09DC21EC5BA100557BEB /* SCCollectionButtonsView.h */,
				648C09DF21EC5BA100557BEB /* SCCollectionButtonsView.m */,
				648C09DD21EC5BA100557BEB /* ButtonsCollectionViewCell.h */,
				648C09E121EC5BA100557BEB /* ButtonsCollectionViewCell.m */,
				648C09E221EC5BA100557BEB /* HeadCollectionReusableView.h */,
				648C09DE21EC5BA100557BEB /* HeadCollectionReusableView.m */,
			);
			path = TagsCollection;
			sourceTree = "<group>";
		};
		648C09EA21EC5C7600557BEB /* Model */ = {
			isa = PBXGroup;
			children = (
				648C09ED21EC5C9A00557BEB /* HandleTagsModel */,
				648C09F321EC5CDF00557BEB /* TreeTagListModel.h */,
				648C09F221EC5CDF00557BEB /* TreeTagListModel.m */,
			);
			path = Model;
			sourceTree = "<group>";
		};
		648C09ED21EC5C9A00557BEB /* HandleTagsModel */ = {
			isa = PBXGroup;
			children = (
				648C09EE21EC5C9A00557BEB /* HandleTreeTagsModel.h */,
				648C09EF21EC5C9A00557BEB /* HandleTreeTagsModel.m */,
			);
			path = HandleTagsModel;
			sourceTree = "<group>";
		};
/* End PBXGroup section */

/* Begin PBXNativeTarget section */
		648C09A021EC5B8500557BEB /* ScreenProduct */ = {
			isa = PBXNativeTarget;
			buildConfigurationList = 648C09CD21EC5B8700557BEB /* Build configuration list for PBXNativeTarget "ScreenProduct" */;
			buildPhases = (
				3D928FC6243DF68F90DFC652 /* [CP] Check Pods Manifest.lock */,
				648C099D21EC5B8500557BEB /* Sources */,
				648C099E21EC5B8500557BEB /* Frameworks */,
				648C099F21EC5B8500557BEB /* Resources */,
				723AC37777EA4038AF131D45 /* [CP] Copy Pods Resources */,
			);
			buildRules = (
			);
			dependencies = (
			);
			name = ScreenProduct;
			productName = ScreenProduct;
			productReference = 648C09A121EC5B8500557BEB /* ScreenProduct.app */;
			productType = "com.apple.product-type.application";
		};
		648C09B821EC5B8700557BEB /* ScreenProductTests */ = {
			isa = PBXNativeTarget;
			buildConfigurationList = 648C09D021EC5B8700557BEB /* Build configuration list for PBXNativeTarget "ScreenProductTests" */;
			buildPhases = (
				648C09B521EC5B8700557BEB /* Sources */,
				648C09B621EC5B8700557BEB /* Frameworks */,
				648C09B721EC5B8700557BEB /* Resources */,
			);
			buildRules = (
			);
			dependencies = (
				648C09BB21EC5B8700557BEB /* PBXTargetDependency */,
			);
			name = ScreenProductTests;
			productName = ScreenProductTests;
			productReference = 648C09B921EC5B8700557BEB /* ScreenProductTests.xctest */;
			productType = "com.apple.product-type.bundle.unit-test";
		};
		648C09C321EC5B8700557BEB /* ScreenProductUITests */ = {
			isa = PBXNativeTarget;
			buildConfigurationList = 648C09D321EC5B8700557BEB /* Build configuration list for PBXNativeTarget "ScreenProductUITests" */;
			buildPhases = (
				648C09C021EC5B8700557BEB /* Sources */,
				648C09C121EC5B8700557BEB /* Frameworks */,
				648C09C221EC5B8700557BEB /* Resources */,
			);
			buildRules = (
			);
			dependencies = (
				648C09C621EC5B8700557BEB /* PBXTargetDependency */,
			);
			name = ScreenProductUITests;
			productName = ScreenProductUITests;
			productReference = 648C09C421EC5B8700557BEB /* ScreenProductUITests.xctest */;
			productType = "com.apple.product-type.bundle.ui-testing";
		};
/* End PBXNativeTarget section */

/* Begin PBXProject section */
		648C099921EC5B8500557BEB /* Project object */ = {
			isa = PBXProject;
			attributes = {
				LastUpgradeCheck = 1010;
				ORGANIZATIONNAME = "不明下落";
				TargetAttributes = {
					648C09A021EC5B8500557BEB = {
						CreatedOnToolsVersion = 10.1;
					};
					648C09B821EC5B8700557BEB = {
						CreatedOnToolsVersion = 10.1;
						TestTargetID = 648C09A021EC5B8500557BEB;
					};
					648C09C321EC5B8700557BEB = {
						CreatedOnToolsVersion = 10.1;
						TestTargetID = 648C09A021EC5B8500557BEB;
					};
				};
			};
			buildConfigurationList = 648C099C21EC5B8500557BEB /* Build configuration list for PBXProject "ScreenProduct" */;
			compatibilityVersion = "Xcode 9.3";
			developmentRegion = en;
			hasScannedForEncodings = 0;
			knownRegions = (
				en,
				Base,
			);
			mainGroup = 648C099821EC5B8500557BEB;
			productRefGroup = 648C09A221EC5B8500557BEB /* Products */;
			projectDirPath = "";
			projectRoot = "";
			targets = (
				648C09A021EC5B8500557BEB /* ScreenProduct */,
				648C09B821EC5B8700557BEB /* ScreenProductTests */,
				648C09C321EC5B8700557BEB /* ScreenProductUITests */,
			);
		};
/* End PBXProject section */

/* Begin PBXResourcesBuildPhase section */
		648C099F21EC5B8500557BEB /* Resources */ = {
			isa = PBXResourcesBuildPhase;
			buildActionMask = 2147483647;
			files = (
				648C09F721EC650600557BEB /* json.txt in Resources */,
				648C09B121EC5B8700557BEB /* LaunchScreen.storyboard in Resources */,
				648C09AE21EC5B8700557BEB /* Assets.xcassets in Resources */,
				648C09AC21EC5B8500557BEB /* Main.storyboard in Resources */,
			);
			runOnlyForDeploymentPostprocessing = 0;
		};
		648C09B721EC5B8700557BEB /* Resources */ = {
			isa = PBXResourcesBuildPhase;
			buildActionMask = 2147483647;
			files = (
			);
			runOnlyForDeploymentPostprocessing = 0;
		};
		648C09C221EC5B8700557BEB /* Resources */ = {
			isa = PBXResourcesBuildPhase;
			buildActionMask = 2147483647;
			files = (
			);
			runOnlyForDeploymentPostprocessing = 0;
		};
/* End PBXResourcesBuildPhase section */

/* Begin PBXShellScriptBuildPhase section */
		3D928FC6243DF68F90DFC652 /* [CP] Check Pods Manifest.lock */ = {
			isa = PBXShellScriptBuildPhase;
			buildActionMask = 2147483647;
			files = (
			);
			inputFileListPaths = (
			);
			inputPaths = (
				"${PODS_PODFILE_DIR_PATH}/Podfile.lock",
				"${PODS_ROOT}/Manifest.lock",
			);
			name = "[CP] Check Pods Manifest.lock";
			outputFileListPaths = (
			);
			outputPaths = (
				"$(DERIVED_FILE_DIR)/Pods-ScreenProduct-checkManifestLockResult.txt",
			);
			runOnlyForDeploymentPostprocessing = 0;
			shellPath = /bin/sh;
			shellScript = "diff \"${PODS_PODFILE_DIR_PATH}/Podfile.lock\" \"${PODS_ROOT}/Manifest.lock\" > /dev/null\nif [ $? != 0 ] ; then\n    # print error to STDERR\n    echo \"error: The sandbox is not in sync with the Podfile.lock. Run 'pod install' or update your CocoaPods installation.\" >&2\n    exit 1\nfi\n# This output is used by Xcode 'outputs' to avoid re-running this script phase.\necho \"SUCCESS\" > \"${SCRIPT_OUTPUT_FILE_0}\"\n";
			showEnvVarsInLog = 0;
		};
		723AC37777EA4038AF131D45 /* [CP] Copy Pods Resources */ = {
			isa = PBXShellScriptBuildPhase;
			buildActionMask = 2147483647;
			files = (
			);
			inputFileListPaths = (
			);
			inputPaths = (
				"${SRCROOT}/Pods/Target Support Files/Pods-ScreenProduct/Pods-ScreenProduct-resources.sh",
				"${PODS_ROOT}/SVProgressHUD/SVProgressHUD/SVProgressHUD.bundle",
			);
			name = "[CP] Copy Pods Resources";
			outputFileListPaths = (
			);
			outputPaths = (
				"${TARGET_BUILD_DIR}/${UNLOCALIZED_RESOURCES_FOLDER_PATH}/SVProgressHUD.bundle",
			);
			runOnlyForDeploymentPostprocessing = 0;
			shellPath = /bin/sh;
			shellScript = "\"${SRCROOT}/Pods/Target Support Files/Pods-ScreenProduct/Pods-ScreenProduct-resources.sh\"\n";
			showEnvVarsInLog = 0;
		};
/* End PBXShellScriptBuildPhase section */

/* Begin PBXSourcesBuildPhase section */
		648C099D21EC5B8500557BEB /* Sources */ = {
			isa = PBXSourcesBuildPhase;
			buildActionMask = 2147483647;
			files = (
				648C09E521EC5BA100557BEB /* TagButton.m in Sources */,
				648C09A921EC5B8500557BEB /* ViewController.m in Sources */,
				648C09E921EC5BA100557BEB /* ScreeningProductView.m in Sources */,
				648C09B421EC5B8700557BEB /* main.m in Sources */,
				648C09E721EC5BA100557BEB /* SCCollectionButtonsView.m in Sources */,
				648C09F421EC5CDF00557BEB /* TreeTagListModel.m in Sources */,
				648C09E821EC5BA100557BEB /* ButtonsCollectionViewCell.m in Sources */,
				648C09F121EC5C9A00557BEB /* HandleTreeTagsModel.m in Sources */,
				648C09E421EC5BA100557BEB /* ScreeningListModel.m in Sources */,
				648C09A621EC5B8500557BEB /* AppDelegate.m in Sources */,
				648C09E621EC5BA100557BEB /* HeadCollectionReusableView.m in Sources */,
			);
			runOnlyForDeploymentPostprocessing = 0;
		};
		648C09B521EC5B8700557BEB /* Sources */ = {
			isa = PBXSourcesBuildPhase;
			buildActionMask = 2147483647;
			files = (
				648C09BE21EC5B8700557BEB /* ScreenProductTests.m in Sources */,
			);
			runOnlyForDeploymentPostprocessing = 0;
		};
		648C09C021EC5B8700557BEB /* Sources */ = {
			isa = PBXSourcesBuildPhase;
			buildActionMask = 2147483647;
			files = (
				648C09C921EC5B8700557BEB /* ScreenProductUITests.m in Sources */,
			);
			runOnlyForDeploymentPostprocessing = 0;
		};
/* End PBXSourcesBuildPhase section */

/* Begin PBXTargetDependency section */
		648C09BB21EC5B8700557BEB /* PBXTargetDependency */ = {
			isa = PBXTargetDependency;
			target = 648C09A021EC5B8500557BEB /* ScreenProduct */;
			targetProxy = 648C09BA21EC5B8700557BEB /* PBXContainerItemProxy */;
		};
		648C09C621EC5B8700557BEB /* PBXTargetDependency */ = {
			isa = PBXTargetDependency;
			target = 648C09A021EC5B8500557BEB /* ScreenProduct */;
			targetProxy = 648C09C521EC5B8700557BEB /* PBXContainerItemProxy */;
		};
/* End PBXTargetDependency section */

/* Begin PBXVariantGroup section */
		648C09AA21EC5B8500557BEB /* Main.storyboard */ = {
			isa = PBXVariantGroup;
			children = (
				648C09AB21EC5B8500557BEB /* Base */,
			);
			name = Main.storyboard;
			sourceTree = "<group>";
		};
		648C09AF21EC5B8700557BEB /* LaunchScreen.storyboard */ = {
			isa = PBXVariantGroup;
			children = (
				648C09B021EC5B8700557BEB /* Base */,
			);
			name = LaunchScreen.storyboard;
			sourceTree = "<group>";
		};
/* End PBXVariantGroup section */

/* Begin XCBuildConfiguration section */
		648C09CB21EC5B8700557BEB /* Debug */ = {
			isa = XCBuildConfiguration;
			buildSettings = {
				ALWAYS_SEARCH_USER_PATHS = NO;
				CLANG_ANALYZER_NONNULL = YES;
				CLANG_ANALYZER_NUMBER_OBJECT_CONVERSION = YES_AGGRESSIVE;
				CLANG_CXX_LANGUAGE_STANDARD = "gnu++14";
				CLANG_CXX_LIBRARY = "libc++";
				CLANG_ENABLE_MODULES = YES;
				CLANG_ENABLE_OBJC_ARC = YES;
				CLANG_ENABLE_OBJC_WEAK = YES;
				CLANG_WARN_BLOCK_CAPTURE_AUTORELEASING = YES;
				CLANG_WARN_BOOL_CONVERSION = YES;
				CLANG_WARN_COMMA = YES;
				CLANG_WARN_CONSTANT_CONVERSION = YES;
				CLANG_WARN_DEPRECATED_OBJC_IMPLEMENTATIONS = YES;
				CLANG_WARN_DIRECT_OBJC_ISA_USAGE = YES_ERROR;
				CLANG_WARN_DOCUMENTATION_COMMENTS = YES;
				CLANG_WARN_EMPTY_BODY = YES;
				CLANG_WARN_ENUM_CONVERSION = YES;
				CLANG_WARN_INFINITE_RECURSION = YES;
				CLANG_WARN_INT_CONVERSION = YES;
				CLANG_WARN_NON_LITERAL_NULL_CONVERSION = YES;
				CLANG_WARN_OBJC_IMPLICIT_RETAIN_SELF = YES;
				CLANG_WARN_OBJC_LITERAL_CONVERSION = YES;
				CLANG_WARN_OBJC_ROOT_CLASS = YES_ERROR;
				CLANG_WARN_RANGE_LOOP_ANALYSIS = YES;
				CLANG_WARN_STRICT_PROTOTYPES = YES;
				CLANG_WARN_SUSPICIOUS_MOVE = YES;
				CLANG_WARN_UNGUARDED_AVAILABILITY = YES_AGGRESSIVE;
				CLANG_WARN_UNREACHABLE_CODE = YES;
				CLANG_WARN__DUPLICATE_METHOD_MATCH = YES;
				CODE_SIGN_IDENTITY = "iPhone Developer";
				COPY_PHASE_STRIP = NO;
				DEBUG_INFORMATION_FORMAT = dwarf;
				ENABLE_STRICT_OBJC_MSGSEND = YES;
				ENABLE_TESTABILITY = YES;
				GCC_C_LANGUAGE_STANDARD = gnu11;
				GCC_DYNAMIC_NO_PIC = NO;
				GCC_NO_COMMON_BLOCKS = YES;
				GCC_OPTIMIZATION_LEVEL = 0;
				GCC_PREPROCESSOR_DEFINITIONS = (
					"DEBUG=1",
					"$(inherited)",
				);
				GCC_WARN_64_TO_32_BIT_CONVERSION = YES;
				GCC_WARN_ABOUT_RETURN_TYPE = YES_ERROR;
				GCC_WARN_UNDECLARED_SELECTOR = YES;
				GCC_WARN_UNINITIALIZED_AUTOS = YES_AGGRESSIVE;
				GCC_WARN_UNUSED_FUNCTION = YES;
				GCC_WARN_UNUSED_VARIABLE = YES;
				IPHONEOS_DEPLOYMENT_TARGET = 12.1;
				MTL_ENABLE_DEBUG_INFO = INCLUDE_SOURCE;
				MTL_FAST_MATH = YES;
				ONLY_ACTIVE_ARCH = YES;
				SDKROOT = iphoneos;
			};
			name = Debug;
		};
		648C09CC21EC5B8700557BEB /* Release */ = {
			isa = XCBuildConfiguration;
			buildSettings = {
				ALWAYS_SEARCH_USER_PATHS = NO;
				CLANG_ANALYZER_NONNULL = YES;
				CLANG_ANALYZER_NUMBER_OBJECT_CONVERSION = YES_AGGRESSIVE;
				CLANG_CXX_LANGUAGE_STANDARD = "gnu++14";
				CLANG_CXX_LIBRARY = "libc++";
				CLANG_ENABLE_MODULES = YES;
				CLANG_ENABLE_OBJC_ARC = YES;
				CLANG_ENABLE_OBJC_WEAK = YES;
				CLANG_WARN_BLOCK_CAPTURE_AUTORELEASING = YES;
				CLANG_WARN_BOOL_CONVERSION = YES;
				CLANG_WARN_COMMA = YES;
				CLANG_WARN_CONSTANT_CONVERSION = YES;
				CLANG_WARN_DEPRECATED_OBJC_IMPLEMENTATIONS = YES;
				CLANG_WARN_DIRECT_OBJC_ISA_USAGE = YES_ERROR;
				CLANG_WARN_DOCUMENTATION_COMMENTS = YES;
				CLANG_WARN_EMPTY_BODY = YES;
				CLANG_WARN_ENUM_CONVERSION = YES;
				CLANG_WARN_INFINITE_RECURSION = YES;
				CLANG_WARN_INT_CONVERSION = YES;
				CLANG_WARN_NON_LITERAL_NULL_CONVERSION = YES;
				CLANG_WARN_OBJC_IMPLICIT_RETAIN_SELF = YES;
				CLANG_WARN_OBJC_LITERAL_CONVERSION = YES;
				CLANG_WARN_OBJC_ROOT_CLASS = YES_ERROR;
				CLANG_WARN_RANGE_LOOP_ANALYSIS = YES;
				CLANG_WARN_STRICT_PROTOTYPES = YES;
				CLANG_WARN_SUSPICIOUS_MOVE = YES;
				CLANG_WARN_UNGUARDED_AVAILABILITY = YES_AGGRESSIVE;
				CLANG_WARN_UNREACHABLE_CODE = YES;
				CLANG_WARN__DUPLICATE_METHOD_MATCH = YES;
				CODE_SIGN_IDENTITY = "iPhone Developer";
				COPY_PHASE_STRIP = NO;
				DEBUG_INFORMATION_FORMAT = "dwarf-with-dsym";
				ENABLE_NS_ASSERTIONS = NO;
				ENABLE_STRICT_OBJC_MSGSEND = YES;
				GCC_C_LANGUAGE_STANDARD = gnu11;
				GCC_NO_COMMON_BLOCKS = YES;
				GCC_WARN_64_TO_32_BIT_CONVERSION = YES;
				GCC_WARN_ABOUT_RETURN_TYPE = YES_ERROR;
				GCC_WARN_UNDECLARED_SELECTOR = YES;
				GCC_WARN_UNINITIALIZED_AUTOS = YES_AGGRESSIVE;
				GCC_WARN_UNUSED_FUNCTION = YES;
				GCC_WARN_UNUSED_VARIABLE = YES;
				IPHONEOS_DEPLOYMENT_TARGET = 12.1;
				MTL_ENABLE_DEBUG_INFO = NO;
				MTL_FAST_MATH = YES;
				SDKROOT = iphoneos;
				VALIDATE_PRODUCT = YES;
			};
			name = Release;
		};
		648C09CE21EC5B8700557BEB /* Debug */ = {
			isa = XCBuildConfiguration;
			baseConfigurationReference = A6FA219A466CD8A347AB2CEC /* Pods-ScreenProduct.debug.xcconfig */;
			buildSettings = {
				ASSETCATALOG_COMPILER_APPICON_NAME = AppIcon;
				CODE_SIGN_STYLE = Automatic;
				DEVELOPMENT_TEAM = HJFP99G4PR;
				INFOPLIST_FILE = ScreenProduct/Info.plist;
				LD_RUNPATH_SEARCH_PATHS = (
					"$(inherited)",
					"@executable_path/Frameworks",
				);
				PRODUCT_BUNDLE_IDENTIFIER = com.ScreenProduct;
				PRODUCT_NAME = "$(TARGET_NAME)";
				TARGETED_DEVICE_FAMILY = "1,2";
			};
			name = Debug;
		};
		648C09CF21EC5B8700557BEB /* Release */ = {
			isa = XCBuildConfiguration;
			baseConfigurationReference = E51B06AD69F527598B3B878B /* Pods-ScreenProduct.release.xcconfig */;
			buildSettings = {
				ASSETCATALOG_COMPILER_APPICON_NAME = AppIcon;
				CODE_SIGN_STYLE = Automatic;
				DEVELOPMENT_TEAM = HJFP99G4PR;
				INFOPLIST_FILE = ScreenProduct/Info.plist;
				LD_RUNPATH_SEARCH_PATHS = (
					"$(inherited)",
					"@executable_path/Frameworks",
				);
				PRODUCT_BUNDLE_IDENTIFIER = com.ScreenProduct;
				PRODUCT_NAME = "$(TARGET_NAME)";
				TARGETED_DEVICE_FAMILY = "1,2";
			};
			name = Release;
		};
		648C09D121EC5B8700557BEB /* Debug */ = {
			isa = XCBuildConfiguration;
			buildSettings = {
				BUNDLE_LOADER = "$(TEST_HOST)";
				CODE_SIGN_STYLE = Automatic;
				DEVELOPMENT_TEAM = HJFP99G4PR;
				INFOPLIST_FILE = ScreenProductTests/Info.plist;
				LD_RUNPATH_SEARCH_PATHS = (
					"$(inherited)",
					"@executable_path/Frameworks",
					"@loader_path/Frameworks",
				);
				PRODUCT_BUNDLE_IDENTIFIER = com.ScreenProductTests;
				PRODUCT_NAME = "$(TARGET_NAME)";
				TARGETED_DEVICE_FAMILY = "1,2";
				TEST_HOST = "$(BUILT_PRODUCTS_DIR)/ScreenProduct.app/ScreenProduct";
			};
			name = Debug;
		};
		648C09D221EC5B8700557BEB /* Release */ = {
			isa = XCBuildConfiguration;
			buildSettings = {
				BUNDLE_LOADER = "$(TEST_HOST)";
				CODE_SIGN_STYLE = Automatic;
				DEVELOPMENT_TEAM = HJFP99G4PR;
				INFOPLIST_FILE = ScreenProductTests/Info.plist;
				LD_RUNPATH_SEARCH_PATHS = (
					"$(inherited)",
					"@executable_path/Frameworks",
					"@loader_path/Frameworks",
				);
				PRODUCT_BUNDLE_IDENTIFIER = com.ScreenProductTests;
				PRODUCT_NAME = "$(TARGET_NAME)";
				TARGETED_DEVICE_FAMILY = "1,2";
				TEST_HOST = "$(BUILT_PRODUCTS_DIR)/ScreenProduct.app/ScreenProduct";
			};
			name = Release;
		};
		648C09D421EC5B8700557BEB /* Debug */ = {
			isa = XCBuildConfiguration;
			buildSettings = {
				CODE_SIGN_STYLE = Automatic;
				DEVELOPMENT_TEAM = HJFP99G4PR;
				INFOPLIST_FILE = ScreenProductUITests/Info.plist;
				LD_RUNPATH_SEARCH_PATHS = (
					"$(inherited)",
					"@executable_path/Frameworks",
					"@loader_path/Frameworks",
				);
				PRODUCT_BUNDLE_IDENTIFIER = com.ScreenProductUITests;
				PRODUCT_NAME = "$(TARGET_NAME)";
				TARGETED_DEVICE_FAMILY = "1,2";
				TEST_TARGET_NAME = ScreenProduct;
			};
			name = Debug;
		};
		648C09D521EC5B8700557BEB /* Release */ = {
			isa = XCBuildConfiguration;
			buildSettings = {
				CODE_SIGN_STYLE = Automatic;
				DEVELOPMENT_TEAM = HJFP99G4PR;
				INFOPLIST_FILE = ScreenProductUITests/Info.plist;
				LD_RUNPATH_SEARCH_PATHS = (
					"$(inherited)",
					"@executable_path/Frameworks",
					"@loader_path/Frameworks",
				);
				PRODUCT_BUNDLE_IDENTIFIER = com.ScreenProductUITests;
				PRODUCT_NAME = "$(TARGET_NAME)";
				TARGETED_DEVICE_FAMILY = "1,2";
				TEST_TARGET_NAME = ScreenProduct;
			};
			name = Release;
		};
/* End XCBuildConfiguration section */

/* Begin XCConfigurationList section */
		648C099C21EC5B8500557BEB /* Build configuration list for PBXProject "ScreenProduct" */ = {
			isa = XCConfigurationList;
			buildConfigurations = (
				648C09CB21EC5B8700557BEB /* Debug */,
				648C09CC21EC5B8700557BEB /* Release */,
			);
			defaultConfigurationIsVisible = 0;
			defaultConfigurationName = Release;
		};
		648C09CD21EC5B8700557BEB /* Build configuration list for PBXNativeTarget "ScreenProduct" */ = {
			isa = XCConfigurationList;
			buildConfigurations = (
				648C09CE21EC5B8700557BEB /* Debug */,
				648C09CF21EC5B8700557BEB /* Release */,
			);
			defaultConfigurationIsVisible = 0;
			defaultConfigurationName = Release;
		};
		648C09D021EC5B8700557BEB /* Build configuration list for PBXNativeTarget "ScreenProductTests" */ = {
			isa = XCConfigurationList;
			buildConfigurations = (
				648C09D121EC5B8700557BEB /* Debug */,
				648C09D221EC5B8700557BEB /* Release */,
			);
			defaultConfigurationIsVisible = 0;
			defaultConfigurationName = Release;
		};
		648C09D321EC5B8700557BEB /* Build configuration list for PBXNativeTarget "ScreenProductUITests" */ = {
			isa = XCConfigurationList;
			buildConfigurations = (
				648C09D421EC5B8700557BEB /* Debug */,
				648C09D521EC5B8700557BEB /* Release */,
			);
			defaultConfigurationIsVisible = 0;
			defaultConfigurationName = Release;
		};
/* End XCConfigurationList section */
	};
	rootObject = 648C099921EC5B8500557BEB /* Project object */;
}
